
Microsoft Visual Studio Solution File, Format Version 12.00
# Visual Studio Version 17
VisualStudioVersion = 17.13.35825.156 d17.13
MinimumVisualStudioVersion = 10.0.40219.1
Project("{FAE04EC0-301F-11D3-BF4B-00C04F79EFBC}") = "TheDancerKata", "TheDancerKata\TheDancerKata.csproj", "{7E9A4DD9-DCA1-4727-86D8-A5E46716DFB8}"
EndProject
Project("{FAE04EC0-301F-11D3-BF4B-00C04F79EFBC}") = "TheDancerKataTests", "TheDancerKataTests\TheDancerKataTests.csproj", "{3013F7A8-50C7-4C71-BB1F-FE0079868E77}"
EndProject
Global
	GlobalSection(SolutionConfigurationPlatforms) = preSolution
		Debug|Any CPU = Debug|Any CPU
		Release|Any CPU = Release|Any CPU
	EndGlobalSection
	GlobalSection(ProjectConfigurationPlatforms) = postSolution
		{7E9A4DD9-DCA1-4727-86D8-A5E46716DFB8}.Debug|Any CPU.ActiveCfg = Debug|Any CPU
		{7E9A4DD9-DCA1-4727-86D8-A5E46716DFB8}.Debug|Any CPU.Build.0 = Debug|Any CPU
		{7E9A4DD9-DCA1-4727-86D8-A5E46716DFB8}.Release|Any CPU.ActiveCfg = Release|Any CPU
		{7E9A4DD9-DCA1-4727-86D8-A5E46716DFB8}.Release|Any CPU.Build.0 = Release|Any CPU
		{3013F7A8-50C7-4C71-BB1F-FE0079868E77}.Debug|Any CPU.ActiveCfg = Debug|Any CPU
		{3013F7A8-50C7-4C71-BB1F-FE0079868E77}.Debug|Any CPU.Build.0 = Debug|Any CPU
		{3013F7A8-50C7-4C71-BB1F-FE0079868E77}.Release|Any CPU.ActiveCfg = Release|Any CPU
		{3013F7A8-50C7-4C71-BB1F-FE0079868E77}.Release|Any CPU.Build.0 = Release|Any CPU
	EndGlobalSection
	GlobalSection(SolutionProperties) = preSolution
		HideSolutionNode = FALSE
	EndGlobalSection
	GlobalSection(ExtensibilityGlobals) = postSolution
		SolutionGuid = {E3B1F54C-B661-41E0-8A43-DCECBE069ED6}
	EndGlobalSection
EndGlobal
